
Microsoft Visual Studio Solution File, Format Version 9.00
# Visual Studio 2005
Project("{F184B08F-C81C-45F6-A57F-5ABD9991F28F}") = "Listing14-5", "Listing14-5\Listing14-5.vbproj", "{2FA1FF09-EAA8-4D8D-AE25-0A4BE91CF408}"
EndProject
Global
	GlobalSection(SolutionConfigurationPlatforms) = preSolution
		Debug|Any CPU = Debug|Any CPU
		Release|Any CPU = Release|Any CPU
	EndGlobalSection
	GlobalSection(ProjectConfigurationPlatforms) = postSolution
		{2FA1FF09-EAA8-4D8D-AE25-0A4BE91CF408}.Debug|Any CPU.ActiveCfg = Debug|Any CPU
		{2FA1FF09-EAA8-4D8D-AE25-0A4BE91CF408}.Debug|Any CPU.Build.0 = Debug|Any CPU
		{2FA1FF09-EAA8-4D8D-AE25-0A4BE91CF408}.Debug|Any CPU.Deploy.0 = Debug|Any CPU
		{2FA1FF09-EAA8-4D8D-AE25-0A4BE91CF408}.Release|Any CPU.ActiveCfg = Release|Any CPU
		{2FA1FF09-EAA8-4D8D-AE25-0A4BE91CF408}.Release|Any CPU.Build.0 = Release|Any CPU
		{2FA1FF09-EAA8-4D8D-AE25-0A4BE91CF408}.Release|Any CPU.Deploy.0 = Release|Any CPU
	EndGlobalSection
	GlobalSection(SolutionProperties) = preSolution
		HideSolutionNode = FALSE
	EndGlobalSection
EndGlobal
